
Microsoft Visual Studio Solution File, Format Version 12.00
# Visual Studio Version 17
VisualStudioVersion = 17.3.32819.101
MinimumVisualStudioVersion = 10.0.40219.1
Project("{9A19103F-16F7-4668-BE54-9A1E7A4F7556}") = "Product.Registry.Admin", "Product.Registry.Admin.csproj", "{A58C0E56-B81E-426A-8B7B-4724ED2B2B3A}"
EndProject
Global
	GlobalSection(SolutionConfigurationPlatforms) = preSolution
		Debug|Any CPU = Debug|Any CPU
		Release|Any CPU = Release|Any CPU
	EndGlobalSection
	GlobalSection(ProjectConfigurationPlatforms) = postSolution
		{A58C0E56-B81E-426A-8B7B-4724ED2B2B3A}.Debug|Any CPU.ActiveCfg = Debug|Any CPU
		{A58C0E56-B81E-426A-8B7B-4724ED2B2B3A}.Debug|Any CPU.Build.0 = Debug|Any CPU
		{A58C0E56-B81E-426A-8B7B-4724ED2B2B3A}.Release|Any CPU.ActiveCfg = Release|Any CPU
		{A58C0E56-B81E-426A-8B7B-4724ED2B2B3A}.Release|Any CPU.Build.0 = Release|Any CPU
	EndGlobalSection
	GlobalSection(SolutionProperties) = preSolution
		HideSolutionNode = FALSE
	EndGlobalSection
	GlobalSection(ExtensibilityGlobals) = postSolution
		SolutionGuid = {E3DA8CD8-4701-4321-89D0-4DD0555ABE2C}
	EndGlobalSection
EndGlobal
